
Microsoft Visual Studio Solution File, Format Version 12.00
# Visual Studio Version 17
VisualStudioVersion = 17.9.34728.123
MinimumVisualStudioVersion = 10.0.40219.1
Project("{9A19103F-16F7-4668-BE54-9A1E7A4F7556}") = "BulkyWeb", "BulkyWeb\BulkyWeb.csproj", "{99ECA3CD-BD96-4685-A467-E33EBAF22464}"
EndProject
Project("{FAE04EC0-301F-11D3-BF4B-00C04F79EFBC}") = "BulkyWebRazor_Temp", "BulkyWebRazor_Temp\BulkyWebRazor_Temp.csproj", "{5F4AC3DF-E938-4675-AF15-7EE383C04A37}"
EndProject
Project("{FAE04EC0-301F-11D3-BF4B-00C04F79EFBC}") = "Bulky.DataAccess", "Bulky.DataAccess\Bulky.DataAccess.csproj", "{09AF3095-FF05-4157-9CF9-4C5405873C11}"
EndProject
Project("{FAE04EC0-301F-11D3-BF4B-00C04F79EFBC}") = "Bulky.Models", "Bulky.Models\Bulky.Models.csproj", "{FBAE09BC-8B4D-44C2-B48D-32DB829A8A96}"
EndProject
Project("{FAE04EC0-301F-11D3-BF4B-00C04F79EFBC}") = "Bulky.Utility", "Bulky.Utility\Bulky.Utility.csproj", "{26BF446A-C066-4D40-9747-F3E20594C44B}"
EndProject
Global
	GlobalSection(SolutionConfigurationPlatforms) = preSolution
		Debug|Any CPU = Debug|Any CPU
		Release|Any CPU = Release|Any CPU
	EndGlobalSection
	GlobalSection(ProjectConfigurationPlatforms) = postSolution
		{99ECA3CD-BD96-4685-A467-E33EBAF22464}.Debug|Any CPU.ActiveCfg = Debug|Any CPU
		{99ECA3CD-BD96-4685-A467-E33EBAF22464}.Debug|Any CPU.Build.0 = Debug|Any CPU
		{99ECA3CD-BD96-4685-A467-E33EBAF22464}.Release|Any CPU.ActiveCfg = Release|Any CPU
		{99ECA3CD-BD96-4685-A467-E33EBAF22464}.Release|Any CPU.Build.0 = Release|Any CPU
		{5F4AC3DF-E938-4675-AF15-7EE383C04A37}.Debug|Any CPU.ActiveCfg = Debug|Any CPU
		{5F4AC3DF-E938-4675-AF15-7EE383C04A37}.Debug|Any CPU.Build.0 = Debug|Any CPU
		{5F4AC3DF-E938-4675-AF15-7EE383C04A37}.Release|Any CPU.ActiveCfg = Release|Any CPU
		{5F4AC3DF-E938-4675-AF15-7EE383C04A37}.Release|Any CPU.Build.0 = Release|Any CPU
		{09AF3095-FF05-4157-9CF9-4C5405873C11}.Debug|Any CPU.ActiveCfg = Debug|Any CPU
		{09AF3095-FF05-4157-9CF9-4C5405873C11}.Debug|Any CPU.Build.0 = Debug|Any CPU
		{09AF3095-FF05-4157-9CF9-4C5405873C11}.Release|Any CPU.ActiveCfg = Release|Any CPU
		{09AF3095-FF05-4157-9CF9-4C5405873C11}.Release|Any CPU.Build.0 = Release|Any CPU
		{FBAE09BC-8B4D-44C2-B48D-32DB829A8A96}.Debug|Any CPU.ActiveCfg = Debug|Any CPU
		{FBAE09BC-8B4D-44C2-B48D-32DB829A8A96}.Debug|Any CPU.Build.0 = Debug|Any CPU
		{FBAE09BC-8B4D-44C2-B48D-32DB829A8A96}.Release|Any CPU.ActiveCfg = Release|Any CPU
		{FBAE09BC-8B4D-44C2-B48D-32DB829A8A96}.Release|Any CPU.Build.0 = Release|Any CPU
		{26BF446A-C066-4D40-9747-F3E20594C44B}.Debug|Any CPU.ActiveCfg = Debug|Any CPU
		{26BF446A-C066-4D40-9747-F3E20594C44B}.Debug|Any CPU.Build.0 = Debug|Any CPU
		{26BF446A-C066-4D40-9747-F3E20594C44B}.Release|Any CPU.ActiveCfg = Release|Any CPU
		{26BF446A-C066-4D40-9747-F3E20594C44B}.Release|Any CPU.Build.0 = Release|Any CPU
	EndGlobalSection
	GlobalSection(SolutionProperties) = preSolution
		HideSolutionNode = FALSE
	EndGlobalSection
	GlobalSection(ExtensibilityGlobals) = postSolution
		SolutionGuid = {908DFD21-905F-4FBF-A190-046DFBEC1FEC}
	EndGlobalSection
EndGlobal
